
Microsoft Visual Studio Solution File, Format Version 12.00
# Visual Studio 2012
# SharpDevelop 4.4
VisualStudioVersion = 12.0.30723.0
MinimumVisualStudioVersion = 10.0.40219.1
Project("{FAE04EC0-301F-11D3-BF4B-00C04F79EFBC}") = "MCGalaxyGUI", "GUI\MCGalaxyGUI.csproj", "{63DCBB31-92CD-4464-A86C-A7E51A5FE9FE}"
EndProject
Project("{FAE04EC0-301F-11D3-BF4B-00C04F79EFBC}") = "MCGalaxy_", "MCGalaxy\MCGalaxy_.csproj", "{12597DB0-7C34-4DE1-88EA-9250FF3372EB}"
EndProject
Project("{FAE04EC0-301F-11D3-BF4B-00C04F79EFBC}") = "MCGalaxyCLI", "CLI\MCGalaxyCLI.csproj", "{A1A5B886-2D0A-4D2A-AE13-409560D5227C}"
EndProject
Global
	GlobalSection(SolutionConfigurationPlatforms) = preSolution
		Debug|x86 = Debug|x86
		Release|x86 = Release|x86
	EndGlobalSection
	GlobalSection(ProjectConfigurationPlatforms) = postSolution
		{63DCBB31-92CD-4464-A86C-A7E51A5FE9FE}.Debug|x86.ActiveCfg = Debug|x86
		{63DCBB31-92CD-4464-A86C-A7E51A5FE9FE}.Debug|x86.Build.0 = Debug|x86
		{63DCBB31-92CD-4464-A86C-A7E51A5FE9FE}.Release|x86.ActiveCfg = Release|x86
		{63DCBB31-92CD-4464-A86C-A7E51A5FE9FE}.Release|x86.Build.0 = Release|x86
		{12597DB0-7C34-4DE1-88EA-9250FF3372EB}.Debug|x86.ActiveCfg = Debug|x86
		{12597DB0-7C34-4DE1-88EA-9250FF3372EB}.Debug|x86.Build.0 = Debug|x86
		{12597DB0-7C34-4DE1-88EA-9250FF3372EB}.Release|x86.ActiveCfg = Release|x86
		{12597DB0-7C34-4DE1-88EA-9250FF3372EB}.Release|x86.Build.0 = Release|x86
		{A1A5B886-2D0A-4D2A-AE13-409560D5227C}.Debug|x86.Build.0 = Debug|x86
		{A1A5B886-2D0A-4D2A-AE13-409560D5227C}.Debug|x86.ActiveCfg = Debug|x86
		{A1A5B886-2D0A-4D2A-AE13-409560D5227C}.Release|x86.Build.0 = Release|x86
		{A1A5B886-2D0A-4D2A-AE13-409560D5227C}.Release|x86.ActiveCfg = Release|x86
	EndGlobalSection
	GlobalSection(SolutionProperties) = preSolution
		HideSolutionNode = FALSE
	EndGlobalSection
	GlobalSection(MonoDevelopProperties) = preSolution
		StartupItem = Starter.csproj
		Policies = $0
		$0.DotNetNamingPolicy = $1
		$1.DirectoryNamespaceAssociation = None
		$1.ResourceNamePolicy = FileFormatDefault
		$0.TextStylePolicy = $4
		$2.inheritsSet = null
		$2.scope = text/x-csharp
		$0.CSharpFormattingPolicy = $3
		$3.inheritsSet = Mono
		$3.inheritsScope = text/x-csharp
		$3.scope = text/x-csharp
		$4.FileWidth = 120
		$4.TabWidth = 4
		$4.inheritsSet = Mono
		$4.inheritsScope = text/plain
		$4.scope = text/plain
	EndGlobalSection
EndGlobal
